
Microsoft Visual Studio Solution File, Format Version 12.00
# Visual Studio Version 17
VisualStudioVersion = 17.5.33627.172
MinimumVisualStudioVersion = 10.0.40219.1
Project("{2150E333-8FDC-42A3-9474-1A3956D46DE8}") = "src", "src", "{5289904A-47DF-46A7-B39C-1FCD54C42E5E}"
	ProjectSection(SolutionItems) = preProject
		docker-compose.yml = docker-compose.yml
	EndProjectSection
EndProject
Project("{2150E333-8FDC-42A3-9474-1A3956D46DE8}") = "Services", "Services", "{89CAB939-5105-4728-A415-A9BD34AC9F8E}"
EndProject
Project("{2150E333-8FDC-42A3-9474-1A3956D46DE8}") = "Catalog", "Catalog", "{4A9CCE27-1B61-474B-984A-1F392AA40950}"
EndProject
Project("{9A19103F-16F7-4668-BE54-9A1E7A4F7556}") = "Catalog.Domain", "src\Services\Catalog\Catalog.Domain\Catalog.Domain.csproj", "{7E4BC78F-4C9A-4ECF-9723-BD4DC1B30B2F}"
EndProject
Project("{9A19103F-16F7-4668-BE54-9A1E7A4F7556}") = "Catalog.Infrastructure", "src\Services\Catalog\Catalog.Infrastructure\Catalog.Infrastructure.csproj", "{CD68041B-5DC7-4132-B0BB-AD3433A74E51}"
EndProject
Project("{9A19103F-16F7-4668-BE54-9A1E7A4F7556}") = "Catalog.Application", "src\Services\Catalog\Catalog.Application\Catalog.Application.csproj", "{2B595248-24DC-40A3-9212-512E1C0F1A39}"
EndProject
Project("{2150E333-8FDC-42A3-9474-1A3956D46DE8}") = "BuildingBlocks", "BuildingBlocks", "{46D1E687-87D6-453C-A884-BCF9F8EF39F6}"
EndProject
Project("{2150E333-8FDC-42A3-9474-1A3956D46DE8}") = "Domain", "Domain", "{371B6855-621F-4945-8316-0B9603D24E2C}"
EndProject
Project("{9A19103F-16F7-4668-BE54-9A1E7A4F7556}") = "BuildingBlocks.Domain", "src\BuildingBlocks\Domain\BuildingBlocks.Domain\BuildingBlocks.Domain.csproj", "{45D68F9C-E9D7-47E7-8EA5-DB604F196961}"
EndProject
Project("{9A19103F-16F7-4668-BE54-9A1E7A4F7556}") = "Catalog.WebApi", "src\Services\Catalog\Catalog.WebApi\Catalog.WebApi.csproj", "{987819C2-621C-44A4-8582-B4E1AAA8EBD4}"
EndProject
Project("{2150E333-8FDC-42A3-9474-1A3956D46DE8}") = "Application", "Application", "{AEFBFE22-B38C-4C29-A660-F77B41439116}"
EndProject
Project("{9A19103F-16F7-4668-BE54-9A1E7A4F7556}") = "BuildingBlocks.Application", "src\BuildingBlocks\Application\BuildingBlocks.Application\BuildingBlocks.Application.csproj", "{C25A4E92-7FB7-4AE8-A53B-F9F245FE68C7}"
EndProject
Project("{2150E333-8FDC-42A3-9474-1A3956D46DE8}") = "Ordering", "Ordering", "{D7983444-8C18-47AD-96B2-8C468EB28A7E}"
EndProject
Project("{9A19103F-16F7-4668-BE54-9A1E7A4F7556}") = "Ordering.Domain", "src\Services\Ordering\Ordering.Domain\Ordering.Domain.csproj", "{298E65E4-C08C-479F-8DFC-9331B3D6F98F}"
EndProject
Project("{9A19103F-16F7-4668-BE54-9A1E7A4F7556}") = "Ordering.Application", "src\Services\Ordering\Ordering.Application\Ordering.Application.csproj", "{3E2EC948-0020-4372-8A2D-8AB536269A4F}"
EndProject
Project("{9A19103F-16F7-4668-BE54-9A1E7A4F7556}") = "Ordering.Infrastructure", "src\Services\Ordering\Ordering.Infrastructure\Ordering.Infrastructure.csproj", "{CC03A305-54A1-4D92-A2B5-55594D1F1AEA}"
EndProject
Project("{9A19103F-16F7-4668-BE54-9A1E7A4F7556}") = "Ordering.WebApi", "src\Services\Ordering\Ordering.WebApi\Ordering.WebApi.csproj", "{E229D6D9-C045-488A-91E5-4EB495B52F09}"
EndProject
Project("{2150E333-8FDC-42A3-9474-1A3956D46DE8}") = "Delivering", "Delivering", "{4CA82E0F-E71F-4646-A0E3-85C73056CDA5}"
EndProject
Project("{9A19103F-16F7-4668-BE54-9A1E7A4F7556}") = "Delivering.Domain", "src\Services\Delivering\Delivering.Domain\Delivering.Domain.csproj", "{2AB57EF3-A340-4390-9D0E-F960D2026354}"
EndProject
Project("{9A19103F-16F7-4668-BE54-9A1E7A4F7556}") = "Delivering.Application", "src\Services\Delivering\Delivering.Application\Delivering.Application.csproj", "{9CD78ACC-0015-4875-9F82-E59F65A7EF2E}"
EndProject
Project("{9A19103F-16F7-4668-BE54-9A1E7A4F7556}") = "Delivering.Infrastructure", "src\Services\Delivering\Delivering.Infrastructure\Delivering.Infrastructure.csproj", "{F860E021-41B4-4EC1-A63C-FA3D152B4AFA}"
EndProject
Project("{9A19103F-16F7-4668-BE54-9A1E7A4F7556}") = "Delivering.WebApi", "src\Services\Delivering\Delivering.WebApi\Delivering.WebApi.csproj", "{79152586-BB51-4714-BF3F-178A4619F919}"
EndProject
Global
	GlobalSection(SolutionConfigurationPlatforms) = preSolution
		Debug|Any CPU = Debug|Any CPU
		Release|Any CPU = Release|Any CPU
	EndGlobalSection
	GlobalSection(ProjectConfigurationPlatforms) = postSolution
		{7E4BC78F-4C9A-4ECF-9723-BD4DC1B30B2F}.Debug|Any CPU.ActiveCfg = Debug|Any CPU
		{7E4BC78F-4C9A-4ECF-9723-BD4DC1B30B2F}.Debug|Any CPU.Build.0 = Debug|Any CPU
		{7E4BC78F-4C9A-4ECF-9723-BD4DC1B30B2F}.Release|Any CPU.ActiveCfg = Release|Any CPU
		{7E4BC78F-4C9A-4ECF-9723-BD4DC1B30B2F}.Release|Any CPU.Build.0 = Release|Any CPU
		{CD68041B-5DC7-4132-B0BB-AD3433A74E51}.Debug|Any CPU.ActiveCfg = Debug|Any CPU
		{CD68041B-5DC7-4132-B0BB-AD3433A74E51}.Debug|Any CPU.Build.0 = Debug|Any CPU
		{CD68041B-5DC7-4132-B0BB-AD3433A74E51}.Release|Any CPU.ActiveCfg = Release|Any CPU
		{CD68041B-5DC7-4132-B0BB-AD3433A74E51}.Release|Any CPU.Build.0 = Release|Any CPU
		{2B595248-24DC-40A3-9212-512E1C0F1A39}.Debug|Any CPU.ActiveCfg = Debug|Any CPU
		{2B595248-24DC-40A3-9212-512E1C0F1A39}.Debug|Any CPU.Build.0 = Debug|Any CPU
		{2B595248-24DC-40A3-9212-512E1C0F1A39}.Release|Any CPU.ActiveCfg = Release|Any CPU
		{2B595248-24DC-40A3-9212-512E1C0F1A39}.Release|Any CPU.Build.0 = Release|Any CPU
		{45D68F9C-E9D7-47E7-8EA5-DB604F196961}.Debug|Any CPU.ActiveCfg = Debug|Any CPU
		{45D68F9C-E9D7-47E7-8EA5-DB604F196961}.Debug|Any CPU.Build.0 = Debug|Any CPU
		{45D68F9C-E9D7-47E7-8EA5-DB604F196961}.Release|Any CPU.ActiveCfg = Release|Any CPU
		{45D68F9C-E9D7-47E7-8EA5-DB604F196961}.Release|Any CPU.Build.0 = Release|Any CPU
		{987819C2-621C-44A4-8582-B4E1AAA8EBD4}.Debug|Any CPU.ActiveCfg = Debug|Any CPU
		{987819C2-621C-44A4-8582-B4E1AAA8EBD4}.Debug|Any CPU.Build.0 = Debug|Any CPU
		{987819C2-621C-44A4-8582-B4E1AAA8EBD4}.Release|Any CPU.ActiveCfg = Release|Any CPU
		{987819C2-621C-44A4-8582-B4E1AAA8EBD4}.Release|Any CPU.Build.0 = Release|Any CPU
		{C25A4E92-7FB7-4AE8-A53B-F9F245FE68C7}.Debug|Any CPU.ActiveCfg = Debug|Any CPU
		{C25A4E92-7FB7-4AE8-A53B-F9F245FE68C7}.Debug|Any CPU.Build.0 = Debug|Any CPU
		{C25A4E92-7FB7-4AE8-A53B-F9F245FE68C7}.Release|Any CPU.ActiveCfg = Release|Any CPU
		{C25A4E92-7FB7-4AE8-A53B-F9F245FE68C7}.Release|Any CPU.Build.0 = Release|Any CPU
		{298E65E4-C08C-479F-8DFC-9331B3D6F98F}.Debug|Any CPU.ActiveCfg = Debug|Any CPU
		{298E65E4-C08C-479F-8DFC-9331B3D6F98F}.Debug|Any CPU.Build.0 = Debug|Any CPU
		{298E65E4-C08C-479F-8DFC-9331B3D6F98F}.Release|Any CPU.ActiveCfg = Release|Any CPU
		{298E65E4-C08C-479F-8DFC-9331B3D6F98F}.Release|Any CPU.Build.0 = Release|Any CPU
		{3E2EC948-0020-4372-8A2D-8AB536269A4F}.Debug|Any CPU.ActiveCfg = Debug|Any CPU
		{3E2EC948-0020-4372-8A2D-8AB536269A4F}.Debug|Any CPU.Build.0 = Debug|Any CPU
		{3E2EC948-0020-4372-8A2D-8AB536269A4F}.Release|Any CPU.ActiveCfg = Release|Any CPU
		{3E2EC948-0020-4372-8A2D-8AB536269A4F}.Release|Any CPU.Build.0 = Release|Any CPU
		{CC03A305-54A1-4D92-A2B5-55594D1F1AEA}.Debug|Any CPU.ActiveCfg = Debug|Any CPU
		{CC03A305-54A1-4D92-A2B5-55594D1F1AEA}.Debug|Any CPU.Build.0 = Debug|Any CPU
		{CC03A305-54A1-4D92-A2B5-55594D1F1AEA}.Release|Any CPU.ActiveCfg = Release|Any CPU
		{CC03A305-54A1-4D92-A2B5-55594D1F1AEA}.Release|Any CPU.Build.0 = Release|Any CPU
		{E229D6D9-C045-488A-91E5-4EB495B52F09}.Debug|Any CPU.ActiveCfg = Debug|Any CPU
		{E229D6D9-C045-488A-91E5-4EB495B52F09}.Debug|Any CPU.Build.0 = Debug|Any CPU
		{E229D6D9-C045-488A-91E5-4EB495B52F09}.Release|Any CPU.ActiveCfg = Release|Any CPU
		{E229D6D9-C045-488A-91E5-4EB495B52F09}.Release|Any CPU.Build.0 = Release|Any CPU
		{2AB57EF3-A340-4390-9D0E-F960D2026354}.Debug|Any CPU.ActiveCfg = Debug|Any CPU
		{2AB57EF3-A340-4390-9D0E-F960D2026354}.Debug|Any CPU.Build.0 = Debug|Any CPU
		{2AB57EF3-A340-4390-9D0E-F960D2026354}.Release|Any CPU.ActiveCfg = Release|Any CPU
		{2AB57EF3-A340-4390-9D0E-F960D2026354}.Release|Any CPU.Build.0 = Release|Any CPU
		{9CD78ACC-0015-4875-9F82-E59F65A7EF2E}.Debug|Any CPU.ActiveCfg = Debug|Any CPU
		{9CD78ACC-0015-4875-9F82-E59F65A7EF2E}.Debug|Any CPU.Build.0 = Debug|Any CPU
		{9CD78ACC-0015-4875-9F82-E59F65A7EF2E}.Release|Any CPU.ActiveCfg = Release|Any CPU
		{9CD78ACC-0015-4875-9F82-E59F65A7EF2E}.Release|Any CPU.Build.0 = Release|Any CPU
		{F860E021-41B4-4EC1-A63C-FA3D152B4AFA}.Debug|Any CPU.ActiveCfg = Debug|Any CPU
		{F860E021-41B4-4EC1-A63C-FA3D152B4AFA}.Debug|Any CPU.Build.0 = Debug|Any CPU
		{F860E021-41B4-4EC1-A63C-FA3D152B4AFA}.Release|Any CPU.ActiveCfg = Release|Any CPU
		{F860E021-41B4-4EC1-A63C-FA3D152B4AFA}.Release|Any CPU.Build.0 = Release|Any CPU
		{79152586-BB51-4714-BF3F-178A4619F919}.Debug|Any CPU.ActiveCfg = Debug|Any CPU
		{79152586-BB51-4714-BF3F-178A4619F919}.Debug|Any CPU.Build.0 = Debug|Any CPU
		{79152586-BB51-4714-BF3F-178A4619F919}.Release|Any CPU.ActiveCfg = Release|Any CPU
		{79152586-BB51-4714-BF3F-178A4619F919}.Release|Any CPU.Build.0 = Release|Any CPU
	EndGlobalSection
	GlobalSection(SolutionProperties) = preSolution
		HideSolutionNode = FALSE
	EndGlobalSection
	GlobalSection(NestedProjects) = preSolution
		{89CAB939-5105-4728-A415-A9BD34AC9F8E} = {5289904A-47DF-46A7-B39C-1FCD54C42E5E}
		{4A9CCE27-1B61-474B-984A-1F392AA40950} = {89CAB939-5105-4728-A415-A9BD34AC9F8E}
		{7E4BC78F-4C9A-4ECF-9723-BD4DC1B30B2F} = {4A9CCE27-1B61-474B-984A-1F392AA40950}
		{CD68041B-5DC7-4132-B0BB-AD3433A74E51} = {4A9CCE27-1B61-474B-984A-1F392AA40950}
		{2B595248-24DC-40A3-9212-512E1C0F1A39} = {4A9CCE27-1B61-474B-984A-1F392AA40950}
		{46D1E687-87D6-453C-A884-BCF9F8EF39F6} = {5289904A-47DF-46A7-B39C-1FCD54C42E5E}
		{371B6855-621F-4945-8316-0B9603D24E2C} = {46D1E687-87D6-453C-A884-BCF9F8EF39F6}
		{45D68F9C-E9D7-47E7-8EA5-DB604F196961} = {371B6855-621F-4945-8316-0B9603D24E2C}
		{987819C2-621C-44A4-8582-B4E1AAA8EBD4} = {4A9CCE27-1B61-474B-984A-1F392AA40950}
		{AEFBFE22-B38C-4C29-A660-F77B41439116} = {46D1E687-87D6-453C-A884-BCF9F8EF39F6}
		{C25A4E92-7FB7-4AE8-A53B-F9F245FE68C7} = {AEFBFE22-B38C-4C29-A660-F77B41439116}
		{D7983444-8C18-47AD-96B2-8C468EB28A7E} = {89CAB939-5105-4728-A415-A9BD34AC9F8E}
		{298E65E4-C08C-479F-8DFC-9331B3D6F98F} = {D7983444-8C18-47AD-96B2-8C468EB28A7E}
		{3E2EC948-0020-4372-8A2D-8AB536269A4F} = {D7983444-8C18-47AD-96B2-8C468EB28A7E}
		{CC03A305-54A1-4D92-A2B5-55594D1F1AEA} = {D7983444-8C18-47AD-96B2-8C468EB28A7E}
		{E229D6D9-C045-488A-91E5-4EB495B52F09} = {D7983444-8C18-47AD-96B2-8C468EB28A7E}
		{4CA82E0F-E71F-4646-A0E3-85C73056CDA5} = {89CAB939-5105-4728-A415-A9BD34AC9F8E}
		{2AB57EF3-A340-4390-9D0E-F960D2026354} = {4CA82E0F-E71F-4646-A0E3-85C73056CDA5}
		{9CD78ACC-0015-4875-9F82-E59F65A7EF2E} = {4CA82E0F-E71F-4646-A0E3-85C73056CDA5}
		{F860E021-41B4-4EC1-A63C-FA3D152B4AFA} = {4CA82E0F-E71F-4646-A0E3-85C73056CDA5}
		{79152586-BB51-4714-BF3F-178A4619F919} = {4CA82E0F-E71F-4646-A0E3-85C73056CDA5}
	EndGlobalSection
	GlobalSection(ExtensibilityGlobals) = postSolution
		SolutionGuid = {ACD14452-3C5C-4BE7-82A9-5940F5AE7028}
	EndGlobalSection
EndGlobal
